
Microsoft Visual Studio Solution File, Format Version 12.00
# Visual Studio 2012
Project("{FAE04EC0-301F-11D3-BF4B-00C04F79EFBC}") = "Lab4_PSFP_SimulatedAnealing", "Lab4_PSFP_SimulatedAnealing\Lab4_PSFP_SimulatedAnealing.csproj", "{CA19F963-2B57-4AC9-B3A7-2B9335AB1390}"
EndProject
Project("{FAE04EC0-301F-11D3-BF4B-00C04F79EFBC}") = "UnitTestProject", "UnitTestProject\UnitTestProject.csproj", "{8B3AF660-BB09-4E9A-B3F3-25345AC8B99E}"
EndProject
Global
	GlobalSection(SolutionConfigurationPlatforms) = preSolution
		Debug|Any CPU = Debug|Any CPU
		Release|Any CPU = Release|Any CPU
	EndGlobalSection
	GlobalSection(ProjectConfigurationPlatforms) = postSolution
		{CA19F963-2B57-4AC9-B3A7-2B9335AB1390}.Debug|Any CPU.ActiveCfg = Debug|Any CPU
		{CA19F963-2B57-4AC9-B3A7-2B9335AB1390}.Debug|Any CPU.Build.0 = Debug|Any CPU
		{CA19F963-2B57-4AC9-B3A7-2B9335AB1390}.Release|Any CPU.ActiveCfg = Release|Any CPU
		{CA19F963-2B57-4AC9-B3A7-2B9335AB1390}.Release|Any CPU.Build.0 = Release|Any CPU
		{8B3AF660-BB09-4E9A-B3F3-25345AC8B99E}.Debug|Any CPU.ActiveCfg = Debug|Any CPU
		{8B3AF660-BB09-4E9A-B3F3-25345AC8B99E}.Debug|Any CPU.Build.0 = Debug|Any CPU
		{8B3AF660-BB09-4E9A-B3F3-25345AC8B99E}.Release|Any CPU.ActiveCfg = Release|Any CPU
		{8B3AF660-BB09-4E9A-B3F3-25345AC8B99E}.Release|Any CPU.Build.0 = Release|Any CPU
	EndGlobalSection
	GlobalSection(SolutionProperties) = preSolution
		HideSolutionNode = FALSE
	EndGlobalSection
EndGlobal
